Microsoft Visual Studio Solution File, Format Version 12.00
# Visual Studio Version 17
VisualStudioVersion = 17.5.2.0
MinimumVisualStudioVersion = 10.0.40219.1
Project("{FAE04EC0-301F-11D3-BF4B-00C04F79EFBC}") = "TipsScraper", "TipsScraper.csproj", "{697063B1-B70D-CB99-DCAC-C8E818663EF5}"
EndProject
Global
	GlobalSection(SolutionConfigurationPlatforms) = preSolution
		Debug|Any CPU = Debug|Any CPU
		Release|Any CPU = Release|Any CPU
	EndGlobalSection
	GlobalSection(ProjectConfigurationPlatforms) = postSolution
		{697063B1-B70D-CB99-DCAC-C8E818663EF5}.Debug|Any CPU.ActiveCfg = Debug|Any CPU
		{697063B1-B70D-CB99-DCAC-C8E818663EF5}.Debug|Any CPU.Build.0 = Debug|Any CPU
		{697063B1-B70D-CB99-DCAC-C8E818663EF5}.Release|Any CPU.ActiveCfg = Release|Any CPU
		{697063B1-B70D-CB99-DCAC-C8E818663EF5}.Release|Any CPU.Build.0 = Release|Any CPU
	EndGlobalSection
	GlobalSection(SolutionProperties) = preSolution
		HideSolutionNode = FALSE
	EndGlobalSection
	GlobalSection(ExtensibilityGlobals) = postSolution
		SolutionGuid = {74A21325-D677-4D39-A7C0-805B3D269234}
	EndGlobalSection
EndGlobal
